
Microsoft Visual Studio Solution File, Format Version 12.00
# Visual Studio 15
VisualStudioVersion = 15.0.28307.106
MinimumVisualStudioVersion = 10.0.40219.1
Project("{2150E333-8FDC-42A3-9474-1A3956D46DE8}") = "Tests", "Tests", "{E4101684-AB37-4390-A68D-23C6CD336EC8}"
EndProject
Project("{9A19103F-16F7-4668-BE54-9A1E7A4F7556}") = "AppCore.Test", "src\Core\AppCore.Test\AppCore.Test.csproj", "{CAAFC0C3-4F2D-4F0E-8E43-4CB406CB5881}"
EndProject
Project("{9A19103F-16F7-4668-BE54-9A1E7A4F7556}") = "AppCore", "src\Core\AppCore\AppCore.csproj", "{A5DFB21F-AF5A-48D4-8726-3D1D9FF2932E}"
EndProject
Global
	GlobalSection(SolutionConfigurationPlatforms) = preSolution
		Debug|Any CPU = Debug|Any CPU
		Release|Any CPU = Release|Any CPU
	EndGlobalSection
	GlobalSection(ProjectConfigurationPlatforms) = postSolution
		{CAAFC0C3-4F2D-4F0E-8E43-4CB406CB5881}.Debug|Any CPU.ActiveCfg = Debug|Any CPU
		{CAAFC0C3-4F2D-4F0E-8E43-4CB406CB5881}.Debug|Any CPU.Build.0 = Debug|Any CPU
		{CAAFC0C3-4F2D-4F0E-8E43-4CB406CB5881}.Release|Any CPU.ActiveCfg = Release|Any CPU
		{CAAFC0C3-4F2D-4F0E-8E43-4CB406CB5881}.Release|Any CPU.Build.0 = Release|Any CPU
		{A5DFB21F-AF5A-48D4-8726-3D1D9FF2932E}.Debug|Any CPU.ActiveCfg = Debug|Any CPU
		{A5DFB21F-AF5A-48D4-8726-3D1D9FF2932E}.Debug|Any CPU.Build.0 = Debug|Any CPU
		{A5DFB21F-AF5A-48D4-8726-3D1D9FF2932E}.Release|Any CPU.ActiveCfg = Release|Any CPU
		{A5DFB21F-AF5A-48D4-8726-3D1D9FF2932E}.Release|Any CPU.Build.0 = Release|Any CPU
	EndGlobalSection
	GlobalSection(SolutionProperties) = preSolution
		HideSolutionNode = FALSE
	EndGlobalSection
	GlobalSection(NestedProjects) = preSolution
		{CAAFC0C3-4F2D-4F0E-8E43-4CB406CB5881} = {E4101684-AB37-4390-A68D-23C6CD336EC8}
	EndGlobalSection
	GlobalSection(ExtensibilityGlobals) = postSolution
		SolutionGuid = {D33711BF-A4DE-4DCC-8787-DCCBE8C81F98}
	EndGlobalSection
EndGlobal
